
Microsoft Visual Studio Solution File, Format Version 12.00
# Visual Studio Version 16
VisualStudioVersion = 16.0.31702.278
MinimumVisualStudioVersion = 10.0.40219.1
Project("{FAE04EC0-301F-11D3-BF4B-00C04F79EFBC}") = "Formulários.QWA", "Formulários.QWA\Formulários.QWA.csproj", "{9BAD45C7-EA02-4DEB-B4F0-166BA30D9492}"
EndProject
Global
	GlobalSection(SolutionConfigurationPlatforms) = preSolution
		Debug|Any CPU = Debug|Any CPU
		Release|Any CPU = Release|Any CPU
	EndGlobalSection
	GlobalSection(ProjectConfigurationPlatforms) = postSolution
		{9BAD45C7-EA02-4DEB-B4F0-166BA30D9492}.Debug|Any CPU.ActiveCfg = Debug|Any CPU
		{9BAD45C7-EA02-4DEB-B4F0-166BA30D9492}.Debug|Any CPU.Build.0 = Debug|Any CPU
		{9BAD45C7-EA02-4DEB-B4F0-166BA30D9492}.Release|Any CPU.ActiveCfg = Release|Any CPU
		{9BAD45C7-EA02-4DEB-B4F0-166BA30D9492}.Release|Any CPU.Build.0 = Release|Any CPU
	EndGlobalSection
	GlobalSection(SolutionProperties) = preSolution
		HideSolutionNode = FALSE
	EndGlobalSection
	GlobalSection(ExtensibilityGlobals) = postSolution
		SolutionGuid = {BB3C1175-94DB-49D0-83C5-F6764A43EE50}
	EndGlobalSection
EndGlobal
